
Microsoft Visual Studio Solution File, Format Version 12.00
# Visual Studio 15
VisualStudioVersion = 15.0.33026.149
MinimumVisualStudioVersion = 10.0.40219.1
Project("{FAE04EC0-301F-11D3-BF4B-00C04F79EFBC}") = "vk", "vk\vk.csproj", "{39E7F5E9-18CB-4878-8604-5BA5E2C76C4C}"
EndProject
Global
	GlobalSection(SolutionConfigurationPlatforms) = preSolution
		Debug|Any CPU = Debug|Any CPU
		Release|Any CPU = Release|Any CPU
	EndGlobalSection
	GlobalSection(ProjectConfigurationPlatforms) = postSolution
		{39E7F5E9-18CB-4878-8604-5BA5E2C76C4C}.Debug|Any CPU.ActiveCfg = Debug|Any CPU
		{39E7F5E9-18CB-4878-8604-5BA5E2C76C4C}.Debug|Any CPU.Build.0 = Debug|Any CPU
		{39E7F5E9-18CB-4878-8604-5BA5E2C76C4C}.Release|Any CPU.ActiveCfg = Release|Any CPU
		{39E7F5E9-18CB-4878-8604-5BA5E2C76C4C}.Release|Any CPU.Build.0 = Release|Any CPU
	EndGlobalSection
	GlobalSection(SolutionProperties) = preSolution
		HideSolutionNode = FALSE
	EndGlobalSection
	GlobalSection(ExtensibilityGlobals) = postSolution
		SolutionGuid = {2AC128B3-EC2D-49F4-9A0F-FEF5B4E3C691}
	EndGlobalSection
EndGlobal
